
Microsoft Visual Studio Solution File, Format Version 12.00
# Visual Studio 2013
VisualStudioVersion = 12.0.21005.1
MinimumVisualStudioVersion = 10.0.40219.1
Project("{8BC9CEB8-8B4A-11D0-8D11-00A0C91BC942}") = "Console", "Console\Console.vcxproj", "{A0C441F8-7685-48D1-8E6F-13FA17D60BFD}"
EndProject
Project("{8BC9CEB8-8B4A-11D0-8D11-00A0C91BC942}") = "GameData", "GameData\GameData.vcxproj", "{8CB02A26-C5FB-408A-BC23-AB6AFBC54821}"
EndProject
Project("{8BC9CEB8-8B4A-11D0-8D11-00A0C91BC942}") = "Conmon", "Conmon\Conmon.vcxproj", "{DA2F1510-56AC-40F3-9BF1-2BE83041A969}"
EndProject
Global
	GlobalSection(SolutionConfigurationPlatforms) = preSolution
		Debug|Win32 = Debug|Win32
		Release|Win32 = Release|Win32
	EndGlobalSection
	GlobalSection(ProjectConfigurationPlatforms) = postSolution
		{A0C441F8-7685-48D1-8E6F-13FA17D60BFD}.Debug|Win32.ActiveCfg = Debug|Win32
		{A0C441F8-7685-48D1-8E6F-13FA17D60BFD}.Debug|Win32.Build.0 = Debug|Win32
		{A0C441F8-7685-48D1-8E6F-13FA17D60BFD}.Release|Win32.ActiveCfg = Release|Win32
		{A0C441F8-7685-48D1-8E6F-13FA17D60BFD}.Release|Win32.Build.0 = Release|Win32
		{8CB02A26-C5FB-408A-BC23-AB6AFBC54821}.Debug|Win32.ActiveCfg = Debug|Win32
		{8CB02A26-C5FB-408A-BC23-AB6AFBC54821}.Debug|Win32.Build.0 = Debug|Win32
		{8CB02A26-C5FB-408A-BC23-AB6AFBC54821}.Release|Win32.ActiveCfg = Release|Win32
		{8CB02A26-C5FB-408A-BC23-AB6AFBC54821}.Release|Win32.Build.0 = Release|Win32
		{DA2F1510-56AC-40F3-9BF1-2BE83041A969}.Debug|Win32.ActiveCfg = Debug|Win32
		{DA2F1510-56AC-40F3-9BF1-2BE83041A969}.Debug|Win32.Build.0 = Debug|Win32
		{DA2F1510-56AC-40F3-9BF1-2BE83041A969}.Release|Win32.ActiveCfg = Release|Win32
		{DA2F1510-56AC-40F3-9BF1-2BE83041A969}.Release|Win32.Build.0 = Release|Win32
	EndGlobalSection
	GlobalSection(SolutionProperties) = preSolution
		HideSolutionNode = FALSE
	EndGlobalSection
EndGlobal
